
Microsoft Visual Studio Solution File, Format Version 12.00
# Visual Studio 2013
VisualStudioVersion = 12.0.21005.1
MinimumVisualStudioVersion = 10.0.40219.1
Project("{FAE04EC0-301F-11D3-BF4B-00C04F79EFBC}") = "User32Lib", "User32Lib\User32Lib.csproj", "{106A23B2-DE00-436F-AC62-42B538F4DD9B}"
EndProject
Global
	GlobalSection(SolutionConfigurationPlatforms) = preSolution
		Debug|Any CPU = Debug|Any CPU
		Release|Any CPU = Release|Any CPU
	EndGlobalSection
	GlobalSection(ProjectConfigurationPlatforms) = postSolution
		{106A23B2-DE00-436F-AC62-42B538F4DD9B}.Debug|Any CPU.ActiveCfg = Debug|Any CPU
		{106A23B2-DE00-436F-AC62-42B538F4DD9B}.Debug|Any CPU.Build.0 = Debug|Any CPU
		{106A23B2-DE00-436F-AC62-42B538F4DD9B}.Release|Any CPU.ActiveCfg = Release|Any CPU
		{106A23B2-DE00-436F-AC62-42B538F4DD9B}.Release|Any CPU.Build.0 = Release|Any CPU
	EndGlobalSection
	GlobalSection(SolutionProperties) = preSolution
		HideSolutionNode = FALSE
	EndGlobalSection
EndGlobal
